
Microsoft Visual Studio Solution File, Format Version 10.00
# Visual Studio 2008
Project("{FAE04EC0-301F-11D3-BF4B-00C04F79EFBC}") = "ALvector", "ALvector\ALvector.csproj", "{EBAE07BA-8F14-4B75-8141-E641033342BD}"
EndProject
Global
	GlobalSection(SolutionConfigurationPlatforms) = preSolution
		Debug|Any CPU = Debug|Any CPU
		Release|Any CPU = Release|Any CPU
	EndGlobalSection
	GlobalSection(ProjectConfigurationPlatforms) = postSolution
		{EBAE07BA-8F14-4B75-8141-E641033342BD}.Debug|Any CPU.ActiveCfg = Debug|Any CPU
		{EBAE07BA-8F14-4B75-8141-E641033342BD}.Debug|Any CPU.Build.0 = Debug|Any CPU
		{EBAE07BA-8F14-4B75-8141-E641033342BD}.Release|Any CPU.ActiveCfg = Release|Any CPU
		{EBAE07BA-8F14-4B75-8141-E641033342BD}.Release|Any CPU.Build.0 = Release|Any CPU
	EndGlobalSection
	GlobalSection(SolutionProperties) = preSolution
		HideSolutionNode = FALSE
	EndGlobalSection
EndGlobal
